
Microsoft Visual Studio Solution File, Format Version 12.00
# Visual Studio Version 16
VisualStudioVersion = 16.0.31729.503
MinimumVisualStudioVersion = 10.0.40219.1
Project("{FAE04EC0-301F-11D3-BF4B-00C04F79EFBC}") = "Veneka.Module.OracleFlexcube", "Veneka.Module.OracleFlexcube.csproj", "{A7326CBC-F79E-439B-94E8-C39E04B6B8D7}"
EndProject
Global
	GlobalSection(SolutionConfigurationPlatforms) = preSolution
		Debug|Any CPU = Debug|Any CPU
		Debug|x64 = Debug|x64
		Release|Any CPU = Release|Any CPU
		Release|x64 = Release|x64
	EndGlobalSection
	GlobalSection(ProjectConfigurationPlatforms) = postSolution
		{A7326CBC-F79E-439B-94E8-C39E04B6B8D7}.Debug|Any CPU.ActiveCfg = Debug|Any CPU
		{A7326CBC-F79E-439B-94E8-C39E04B6B8D7}.Debug|Any CPU.Build.0 = Debug|Any CPU
		{A7326CBC-F79E-439B-94E8-C39E04B6B8D7}.Debug|x64.ActiveCfg = Debug|x64
		{A7326CBC-F79E-439B-94E8-C39E04B6B8D7}.Debug|x64.Build.0 = Debug|x64
		{A7326CBC-F79E-439B-94E8-C39E04B6B8D7}.Release|Any CPU.ActiveCfg = Release|Any CPU
		{A7326CBC-F79E-439B-94E8-C39E04B6B8D7}.Release|Any CPU.Build.0 = Release|Any CPU
		{A7326CBC-F79E-439B-94E8-C39E04B6B8D7}.Release|x64.ActiveCfg = Release|x64
		{A7326CBC-F79E-439B-94E8-C39E04B6B8D7}.Release|x64.Build.0 = Release|x64
	EndGlobalSection
	GlobalSection(SolutionProperties) = preSolution
		HideSolutionNode = FALSE
	EndGlobalSection
	GlobalSection(ExtensibilityGlobals) = postSolution
		SolutionGuid = {F48C8C55-068F-4C94-8954-4C327B6A1457}
	EndGlobalSection
EndGlobal
